PODS:
  - IMChatSDK (1.1.6):
    - Kingfisher
    - lottie-ios
    - RealmSwift
    - Starscream
    - SwiftyJSON
  - Kingfisher (5.15.4):
    - Kingfisher/Core (= 5.15.4)
  - Kingfisher/Core (5.15.4)
  - lottie-ios (3.1.8)
  - Realm (10.1.1):
    - Realm/Headers (= 10.1.1)
  - Realm/Headers (10.1.1)
  - RealmSwift (10.1.1):
    - Realm (= 10.1.1)
  - Starscream (4.0.4)
  - SwiftyJSON (5.0.0)

DEPENDENCIES:
  - IMChatSDK (from `../`)

SPEC REPOS:
  trunk:
    - Kingfisher
    - lottie-ios
    - Realm
    - RealmSwift
    - Starscream
    - SwiftyJSON

EXTERNAL SOURCES:
  IMChatSDK:
    :path: "../"

SPEC CHECKSUMS:
  IMChatSDK: 4769083a189259e251de85ed3a6868d6fd983f37
  Kingfisher: 657dc1077e5bbbfff864194c79f29e35b722d062
  lottie-ios: 48fac6be217c76937e36e340e2d09cf7b10b7f5f
  Realm: 784ca1da1453e31a9c9adc14445421a81f316119
  RealmSwift: cc52fe0dcea56387274dff36e19219e055a3bb84
  Starscream: 5178aed56b316f13fa3bc55694e583d35dd414d9
  SwiftyJSON: 36413e04c44ee145039d332b4f4e2d3e8d6c4db7

PODFILE CHECKSUM: 7bd117499a9be03d3ab25ede6b0b55498ea2cd50

COCOAPODS: 1.10.0
